
Microsoft Visual Studio Solution File, Format Version 12.00
# Visual Studio 15
VisualStudioVersion = 15.0.27428.2011
MinimumVisualStudioVersion = 10.0.40219.1
Project("{FAE04EC0-301F-11D3-BF4B-00C04F79EFBC}") = "MS_SQL_1", "MS_SQL_1\MS_SQL_1.csproj", "{4FE8707F-1A11-42D4-A07C-CCA1588D26DC}"
EndProject
Global
	GlobalSection(SolutionConfigurationPlatforms) = preSolution
		Debug|Any CPU = Debug|Any CPU
		Release|Any CPU = Release|Any CPU
	EndGlobalSection
	GlobalSection(ProjectConfigurationPlatforms) = postSolution
		{4FE8707F-1A11-42D4-A07C-CCA1588D26DC}.Debug|Any CPU.ActiveCfg = Debug|Any CPU
		{4FE8707F-1A11-42D4-A07C-CCA1588D26DC}.Debug|Any CPU.Build.0 = Debug|Any CPU
		{4FE8707F-1A11-42D4-A07C-CCA1588D26DC}.Release|Any CPU.ActiveCfg = Release|Any CPU
		{4FE8707F-1A11-42D4-A07C-CCA1588D26DC}.Release|Any CPU.Build.0 = Release|Any CPU
	EndGlobalSection
	GlobalSection(SolutionProperties) = preSolution
		HideSolutionNode = FALSE
	EndGlobalSection
	GlobalSection(ExtensibilityGlobals) = postSolution
		SolutionGuid = {07403E0C-F631-4649-AA78-B460C6B80EC4}
	EndGlobalSection
EndGlobal
